// !$*UTF8*$!
{
	archiveVersion = 1;
	classes = {
	};
	objectVersion = 50;
	objects = {

/* Begin PBXBuildFile section */
		43755C282573911300B4AEE8 /* AppDelegate.swift in Sources */ = {isa = PBXBuildFile; fileRef = 43755C272573911300B4AEE8 /* AppDelegate.swift */; };
		43755C2A2573911300B4AEE8 /* SceneDelegate.swift in Sources */ = {isa = PBXBuildFile; fileRef = 43755C292573911300B4AEE8 /* SceneDelegate.swift */; };
		43755C2C2573911300B4AEE8 /* ViewController.swift in Sources */ = {isa = PBXBuildFile; fileRef = 43755C2B2573911300B4AEE8 /* ViewController.swift */; };
		43755C2F2573911300B4AEE8 /* Main.storyboard in Resources */ = {isa = PBXBuildFile; fileRef = 43755C2D2573911300B4AEE8 /* Main.storyboard */; };
		43755C322573911300B4AEE8 /* GammaApp.xcdatamodeld in Sources */ = {isa = PBXBuildFile; fileRef = 43755C302573911300B4AEE8 /* GammaApp.xcdatamodeld */; };
		43755C342573911500B4AEE8 /* Assets.xcassets in Resources */ = {isa = PBXBuildFile; fileRef = 43755C332573911500B4AEE8 /* Assets.xcassets */; };
		43755C372573911500B4AEE8 /* LaunchScreen.storyboard in Resources */ = {isa = PBXBuildFile; fileRef = 43755C352573911500B4AEE8 /* LaunchScreen.storyboard */; };
		43755C422573911500B4AEE8 /* GammaAppTests.swift in Sources */ = {isa = PBXBuildFile; fileRef = 43755C412573911500B4AEE8 /* GammaAppTests.swift */; };
		43755C4D2573911500B4AEE8 /* GammaAppUITests.swift in Sources */ = {isa = PBXBuildFile; fileRef = 43755C4C2573911500B4AEE8 /* GammaAppUITests.swift */; };
		43755C5B2573A7D100B4AEE8 /* MusicVideoController.swift in Sources */ = {isa = PBXBuildFile; fileRef = 43755C5A2573A7D100B4AEE8 /* MusicVideoController.swift */; };
/* End PBXBuildFile section */

/* Begin PBXContainerItemProxy section */
		43755C3E2573911500B4AEE8 /* PBXContainerItemProxy */ = {
			isa = PBXContainerItemProxy;
			containerPortal = 43755C1C2573911300B4AEE8 /* Project object */;
			proxyType = 1;
			remoteGlobalIDString = 43755C232573911300B4AEE8;
			remoteInfo = GammaApp;
		};
		43755C492573911500B4AEE8 /* PBXContainerItemProxy */ = {
			isa = PBXContainerItemProxy;
			containerPortal = 43755C1C2573911300B4AEE8 /* Project object */;
			proxyType = 1;
			remoteGlobalIDString = 43755C232573911300B4AEE8;
			remoteInfo = GammaApp;
		};
/* End PBXContainerItemProxy section */

/* Begin PBXFileReference section */
		43755C242573911300B4AEE8 /* GammaApp.app */ = {isa = PBXFileReference; explicitFileType = wrapper.application; includeInIndex = 0; path = GammaApp.app; sourceTree = BUILT_PRODUCTS_DIR; };
		43755C272573911300B4AEE8 /* AppDelegate.swift */ = {isa = PBXFileReference; lastKnownFileType = sourcecode.swift; path = AppDelegate.swift; sourceTree = "<group>"; };
		43755C292573911300B4AEE8 /* SceneDelegate.swift */ = {isa = PBXFileReference; lastKnownFileType = sourcecode.swift; path = SceneDelegate.swift; sourceTree = "<group>"; };
		43755C2B2573911300B4AEE8 /* ViewController.swift */ = {isa = PBXFileReference; lastKnownFileType = sourcecode.swift; path = ViewController.swift; sourceTree = "<group>"; };
		43755C2E2573911300B4AEE8 /* Base */ = {isa = PBXFileReference; lastKnownFileType = file.storyboard; name = Base; path = Base.lproj/Main.storyboard; sourceTree = "<group>"; };
		43755C312573911300B4AEE8 /* GammaApp.xcdatamodel */ = {isa = PBXFileReference; lastKnownFileType = wrapper.xcdatamodel; path = GammaApp.xcdatamodel; sourceTree = "<group>"; };
		43755C332573911500B4AEE8 /* Assets.xcassets */ = {isa = PBXFileReference; lastKnownFileType = folder.assetcatalog; path = Assets.xcassets; sourceTree = "<group>"; };
		43755C362573911500B4AEE8 /* Base */ = {isa = PBXFileReference; lastKnownFileType = file.storyboard; name = Base; path = Base.lproj/LaunchScreen.storyboard; sourceTree = "<group>"; };
		43755C382573911500B4AEE8 /* Info.plist */ = {isa = PBXFileReference; lastKnownFileType = text.plist.xml; path = Info.plist; sourceTree = "<group>"; };
		43755C3D2573911500B4AEE8 /* GammaAppTests.xctest */ = {isa = PBXFileReference; explicitFileType = wrapper.cfbundle; includeInIndex = 0; path = GammaAppTests.xctest; sourceTree = BUILT_PRODUCTS_DIR; };
		43755C412573911500B4AEE8 /* GammaAppTests.swift */ = {isa = PBXFileReference; lastKnownFileType = sourcecode.swift; path = GammaAppTests.swift; sourceTree = "<group>"; };
		43755C432573911500B4AEE8 /* Info.plist */ = {isa = PBXFileReference; lastKnownFileType = text.plist.xml; path = Info.plist; sourceTree = "<group>"; };
		43755C482573911500B4AEE8 /* GammaAppUITests.xctest */ = {isa = PBXFileReference; explicitFileType = wrapper.cfbundle; includeInIndex = 0; path = GammaAppUITests.xctest; sourceTree = BUILT_PRODUCTS_DIR; };
		43755C4C2573911500B4AEE8 /* GammaAppUITests.swift */ = {isa = PBXFileReference; lastKnownFileType = sourcecode.swift; path = GammaAppUITests.swift; sourceTree = "<group>"; };
		43755C4E2573911500B4AEE8 /* Info.plist */ = {isa = PBXFileReference; lastKnownFileType = text.plist.xml; path = Info.plist; sourceTree = "<group>"; };
		43755C5A2573A7D100B4AEE8 /* MusicVideoController.swift */ = {isa = PBXFileReference; lastKnownFileType = sourcecode.swift; path = MusicVideoController.swift; sourceTree = "<group>"; };
/* End PBXFileReference section */

/* Begin PBXFrameworksBuildPhase section */
		43755C212573911300B4AEE8 /* Frameworks */ = {
			isa = PBXFrameworksBuildPhase;
			buildActionMask = 2147483647;
			files = (
			);
			runOnlyForDeploymentPostprocessing = 0;
		};
		43755C3A2573911500B4AEE8 /* Frameworks */ = {
			isa = PBXFrameworksBuildPhase;
			buildActionMask = 2147483647;
			files = (
			);
			runOnlyForDeploymentPostprocessing = 0;
		};
		43755C452573911500B4AEE8 /* Frameworks */ = {
			isa = PBXFrameworksBuildPhase;
			buildActionMask = 2147483647;
			files = (
			);
			runOnlyForDeploymentPostprocessing = 0;
		};
/* End PBXFrameworksBuildPhase section */

/* Begin PBXGroup section */
		43755C1B2573911300B4AEE8 = {
			isa = PBXGroup;
			children = (
				43755C262573911300B4AEE8 /* GammaApp */,
				43755C402573911500B4AEE8 /* GammaAppTests */,
				43755C4B2573911500B4AEE8 /* GammaAppUITests */,
				43755C252573911300B4AEE8 /* Products */,
			);
			sourceTree = "<group>";
		};
		43755C252573911300B4AEE8 /* Products */ = {
			isa = PBXGroup;
			children = (
				43755C242573911300B4AEE8 /* GammaApp.app */,
				43755C3D2573911500B4AEE8 /* GammaAppTests.xctest */,
				43755C482573911500B4AEE8 /* GammaAppUITests.xctest */,
			);
			name = Products;
			sourceTree = "<group>";
		};
		43755C262573911300B4AEE8 /* GammaApp */ = {
			isa = PBXGroup;
			children = (
				43755C272573911300B4AEE8 /* AppDelegate.swift */,
				43755C292573911300B4AEE8 /* SceneDelegate.swift */,
				43755C2B2573911300B4AEE8 /* ViewController.swift */,
				43755C5A2573A7D100B4AEE8 /* MusicVideoController.swift */,
				43755C2D2573911300B4AEE8 /* Main.storyboard */,
				43755C332573911500B4AEE8 /* Assets.xcassets */,
				43755C352573911500B4AEE8 /* LaunchScreen.storyboard */,
				43755C382573911500B4AEE8 /* Info.plist */,
				43755C302573911300B4AEE8 /* GammaApp.xcdatamodeld */,
			);
			path = GammaApp;
			sourceTree = "<group>";
		};
		43755C402573911500B4AEE8 /* GammaAppTests */ = {
			isa = PBXGroup;
			children = (
				43755C412573911500B4AEE8 /* GammaAppTests.swift */,
				43755C432573911500B4AEE8 /* Info.plist */,
			);
			path = GammaAppTests;
			sourceTree = "<group>";
		};
		43755C4B2573911500B4AEE8 /* GammaAppUITests */ = {
			isa = PBXGroup;
			children = (
				43755C4C2573911500B4AEE8 /* GammaAppUITests.swift */,
				43755C4E2573911500B4AEE8 /* Info.plist */,
			);
			path = GammaAppUITests;
			sourceTree = "<group>";
		};
/* End PBXGroup section */

/* Begin PBXNativeTarget section */
		43755C232573911300B4AEE8 /* GammaApp */ = {
			isa = PBXNativeTarget;
			buildConfigurationList = 43755C512573911500B4AEE8 /* Build configuration list for PBXNativeTarget "GammaApp" */;
			buildPhases = (
				43755C202573911300B4AEE8 /* Sources */,
				43755C212573911300B4AEE8 /* Frameworks */,
				43755C222573911300B4AEE8 /* Resources */,
			);
			buildRules = (
			);
			dependencies = (
			);
			name = GammaApp;
			productName = GammaApp;
			productReference = 43755C242573911300B4AEE8 /* GammaApp.app */;
			productType = "com.apple.product-type.application";
		};
		43755C3C2573911500B4AEE8 /* GammaAppTests */ = {
			isa = PBXNativeTarget;
			buildConfigurationList = 43755C542573911500B4AEE8 /* Build configuration list for PBXNativeTarget "GammaAppTests" */;
			buildPhases = (
				43755C392573911500B4AEE8 /* Sources */,
				43755C3A2573911500B4AEE8 /* Frameworks */,
				43755C3B2573911500B4AEE8 /* Resources */,
			);
			buildRules = (
			);
			dependencies = (
				43755C3F2573911500B4AEE8 /* PBXTargetDependency */,
			);
			name = GammaAppTests;
			productName = GammaAppTests;
			productReference = 43755C3D2573911500B4AEE8 /* GammaAppTests.xctest */;
			productType = "com.apple.product-type.bundle.unit-test";
		};
		43755C472573911500B4AEE8 /* GammaAppUITests */ = {
			isa = PBXNativeTarget;
			buildConfigurationList = 43755C572573911500B4AEE8 /* Build configuration list for PBXNativeTarget "GammaAppUITests" */;
			buildPhases = (
				43755C442573911500B4AEE8 /* Sources */,
				43755C452573911500B4AEE8 /* Frameworks */,
				43755C462573911500B4AEE8 /* Resources */,
			);
			buildRules = (
			);
			dependencies = (
				43755C4A2573911500B4AEE8 /* PBXTargetDependency */,
			);
			name = GammaAppUITests;
			productName = GammaAppUITests;
			productReference = 43755C482573911500B4AEE8 /* GammaAppUITests.xctest */;
			productType = "com.apple.product-type.bundle.ui-testing";
		};
/* End PBXNativeTarget section */

/* Begin PBXProject section */
		43755C1C2573911300B4AEE8 /* Project object */ = {
			isa = PBXProject;
			attributes = {
				LastSwiftUpdateCheck = 1160;
				LastUpgradeCheck = 1160;
				ORGANIZATIONNAME = "Nischinth Murari";
				TargetAttributes = {
					43755C232573911300B4AEE8 = {
						CreatedOnToolsVersion = 11.6;
					};
					43755C3C2573911500B4AEE8 = {
						CreatedOnToolsVersion = 11.6;
						TestTargetID = 43755C232573911300B4AEE8;
					};
					43755C472573911500B4AEE8 = {
						CreatedOnToolsVersion = 11.6;
						TestTargetID = 43755C232573911300B4AEE8;
					};
				};
			};
			buildConfigurationList = 43755C1F2573911300B4AEE8 /* Build configuration list for PBXProject "GammaApp" */;
			compatibilityVersion = "Xcode 9.3";
			developmentRegion = en;
			hasScannedForEncodings = 0;
			knownRegions = (
				en,
				Base,
			);
			mainGroup = 43755C1B2573911300B4AEE8;
			productRefGroup = 43755C252573911300B4AEE8 /* Products */;
			projectDirPath = "";
			projectRoot = "";
			targets = (
				43755C232573911300B4AEE8 /* GammaApp */,
				43755C3C2573911500B4AEE8 /* GammaAppTests */,
				43755C472573911500B4AEE8 /* GammaAppUITests */,
			);
		};
/* End PBXProject section */

/* Begin PBXResourcesBuildPhase section */
		43755C222573911300B4AEE8 /* Resources */ = {
			isa = PBXResourcesBuildPhase;
			buildActionMask = 2147483647;
			files = (
				43755C372573911500B4AEE8 /* LaunchScreen.storyboard in Resources */,
				43755C342573911500B4AEE8 /* Assets.xcassets in Resources */,
				43755C2F2573911300B4AEE8 /* Main.storyboard in Resources */,
			);
			runOnlyForDeploymentPostprocessing = 0;
		};
		43755C3B2573911500B4AEE8 /* Resources */ = {
			isa = PBXResourcesBuildPhase;
			buildActionMask = 2147483647;
			files = (
			);
			runOnlyForDeploymentPostprocessing = 0;
		};
		43755C462573911500B4AEE8 /* Resources */ = {
			isa = PBXResourcesBuildPhase;
			buildActionMask = 2147483647;
			files = (
			);
			runOnlyForDeploymentPostprocessing = 0;
		};
/* End PBXResourcesBuildPhase section */

/* Begin PBXSourcesBuildPhase section */
		43755C202573911300B4AEE8 /* Sources */ = {
			isa = PBXSourcesBuildPhase;
			buildActionMask = 2147483647;
			files = (
				43755C2C2573911300B4AEE8 /* ViewController.swift in Sources */,
				43755C322573911300B4AEE8 /* GammaApp.xcdatamodeld in Sources */,
				43755C282573911300B4AEE8 /* AppDelegate.swift in Sources */,
				43755C2A2573911300B4AEE8 /* SceneDelegate.swift in Sources */,
				43755C5B2573A7D100B4AEE8 /* MusicVideoController.swift in Sources */,
			);
			runOnlyForDeploymentPostprocessing = 0;
		};
		43755C392573911500B4AEE8 /* Sources */ = {
			isa = PBXSourcesBuildPhase;
			buildActionMask = 2147483647;
			files = (
				43755C422573911500B4AEE8 /* GammaAppTests.swift in Sources */,
			);
			runOnlyForDeploymentPostprocessing = 0;
		};
		43755C442573911500B4AEE8 /* Sources */ = {
			isa = PBXSourcesBuildPhase;
			buildActionMask = 2147483647;
			files = (
				43755C4D2573911500B4AEE8 /* GammaAppUITests.swift in Sources */,
			);
			runOnlyForDeploymentPostprocessing = 0;
		};
/* End PBXSourcesBuildPhase section */

/* Begin PBXTargetDependency section */
		43755C3F2573911500B4AEE8 /* PBXTargetDependency */ = {
			isa = PBXTargetDependency;
			target = 43755C232573911300B4AEE8 /* GammaApp */;
			targetProxy = 43755C3E2573911500B4AEE8 /* PBXContainerItemProxy */;
		};
		43755C4A2573911500B4AEE8 /* PBXTargetDependency */ = {
			isa = PBXTargetDependency;
			target = 43755C232573911300B4AEE8 /* GammaApp */;
			targetProxy = 43755C492573911500B4AEE8 /* PBXContainerItemProxy */;
		};
/* End PBXTargetDependency section */

/* Begin PBXVariantGroup section */
		43755C2D2573911300B4AEE8 /* Main.storyboard */ = {
			isa = PBXVariantGroup;
			children = (
				43755C2E2573911300B4AEE8 /* Base */,
			);
			name = Main.storyboard;
			sourceTree = "<group>";
		};
		43755C352573911500B4AEE8 /* LaunchScreen.storyboard */ = {
			isa = PBXVariantGroup;
			children = (
				43755C362573911500B4AEE8 /* Base */,
			);
			name = LaunchScreen.storyboard;
			sourceTree = "<group>";
		};
/* End PBXVariantGroup section */

/* Begin XCBuildConfiguration section */
		43755C4F2573911500B4AEE8 /* Debug */ = {
			isa = XCBuildConfiguration;
			buildSettings = {
				ALWAYS_SEARCH_USER_PATHS = NO;
				CLANG_ANALYZER_NONNULL = YES;
				CLANG_ANALYZER_NUMBER_OBJECT_CONVERSION = YES_AGGRESSIVE;
				CLANG_CXX_LANGUAGE_STANDARD = "gnu++14";
				CLANG_CXX_LIBRARY = "libc++";
				CLANG_ENABLE_MODULES = YES;
				CLANG_ENABLE_OBJC_ARC = YES;
				CLANG_ENABLE_OBJC_WEAK = YES;
				CLANG_WARN_BLOCK_CAPTURE_AUTORELEASING = YES;
				CLANG_WARN_BOOL_CONVERSION = YES;
				CLANG_WARN_COMMA = YES;
				CLANG_WARN_CONSTANT_CONVERSION = YES;
				CLANG_WARN_DEPRECATED_OBJC_IMPLEMENTATIONS = YES;
				CLANG_WARN_DIRECT_OBJC_ISA_USAGE = YES_ERROR;
				CLANG_WARN_DOCUMENTATION_COMMENTS = YES;
				CLANG_WARN_EMPTY_BODY = YES;
				CLANG_WARN_ENUM_CONVERSION = YES;
				CLANG_WARN_INFINITE_RECURSION = YES;
				CLANG_WARN_INT_CONVERSION = YES;
				CLANG_WARN_NON_LITERAL_NULL_CONVERSION = YES;
				CLANG_WARN_OBJC_IMPLICIT_RETAIN_SELF = YES;
				CLANG_WARN_OBJC_LITERAL_CONVERSION = YES;
				CLANG_WARN_OBJC_ROOT_CLASS = YES_ERROR;
				CLANG_WARN_RANGE_LOOP_ANALYSIS = YES;
				CLANG_WARN_STRICT_PROTOTYPES = YES;
				CLANG_WARN_SUSPICIOUS_MOVE = YES;
				CLANG_WARN_UNGUARDED_AVAILABILITY = YES_AGGRESSIVE;
				CLANG_WARN_UNREACHABLE_CODE = YES;
				CLANG_WARN__DUPLICATE_METHOD_MATCH = YES;
				COPY_PHASE_STRIP = NO;
				DEBUG_INFORMATION_FORMAT = dwarf;
				ENABLE_STRICT_OBJC_MSGSEND = YES;
				ENABLE_TESTABILITY = YES;
				GCC_C_LANGUAGE_STANDARD = gnu11;
				GCC_DYNAMIC_NO_PIC = NO;
				GCC_NO_COMMON_BLOCKS = YES;
				GCC_OPTIMIZATION_LEVEL = 0;
				GCC_PREPROCESSOR_DEFINITIONS = (
					"DEBUG=1",
					"$(inherited)",
				);
				GCC_WARN_64_TO_32_BIT_CONVERSION = YES;
				GCC_WARN_ABOUT_RETURN_TYPE = YES_ERROR;
				GCC_WARN_UNDECLARED_SELECTOR = YES;
				GCC_WARN_UNINITIALIZED_AUTOS = YES_AGGRESSIVE;
				GCC_WARN_UNUSED_FUNCTION = YES;
				GCC_WARN_UNUSED_VARIABLE = YES;
				IPHONEOS_DEPLOYMENT_TARGET = 13.6;
				MTL_ENABLE_DEBUG_INFO = INCLUDE_SOURCE;
				MTL_FAST_MATH = YES;
				ONLY_ACTIVE_ARCH = YES;
				SDKROOT = iphoneos;
				SWIFT_ACTIVE_COMPILATION_CONDITIONS = DEBUG;
				SWIFT_OPTIMIZATION_LEVEL = "-Onone";
			};
			name = Debug;
		};
		43755C502573911500B4AEE8 /* Release */ = {
			isa = XCBuildConfiguration;
			buildSettings = {
				ALWAYS_SEARCH_USER_PATHS = NO;
				CLANG_ANALYZER_NONNULL = YES;
				CLANG_ANALYZER_NUMBER_OBJECT_CONVERSION = YES_AGGRESSIVE;
				CLANG_CXX_LANGUAGE_STANDARD = "gnu++14";
				CLANG_CXX_LIBRARY = "libc++";
				CLANG_ENABLE_MODULES = YES;
				CLANG_ENABLE_OBJC_ARC = YES;
				CLANG_ENABLE_OBJC_WEAK = YES;
				CLANG_WARN_BLOCK_CAPTURE_AUTORELEASING = YES;
				CLANG_WARN_BOOL_CONVERSION = YES;
				CLANG_WARN_COMMA = YES;
				CLANG_WARN_CONSTANT_CONVERSION = YES;
				CLANG_WARN_DEPRECATED_OBJC_IMPLEMENTATIONS = YES;
				CLANG_WARN_DIRECT_OBJC_ISA_USAGE = YES_ERROR;
				CLANG_WARN_DOCUMENTATION_COMMENTS = YES;
				CLANG_WARN_EMPTY_BODY = YES;
				CLANG_WARN_ENUM_CONVERSION = YES;
				CLANG_WARN_INFINITE_RECURSION = YES;
				CLANG_WARN_INT_CONVERSION = YES;
				CLANG_WARN_NON_LITERAL_NULL_CONVERSION = YES;
				CLANG_WARN_OBJC_IMPLICIT_RETAIN_SELF = YES;
				CLANG_WARN_OBJC_LITERAL_CONVERSION = YES;
				CLANG_WARN_OBJC_ROOT_CLASS = YES_ERROR;
				CLANG_WARN_RANGE_LOOP_ANALYSIS = YES;
				CLANG_WARN_STRICT_PROTOTYPES = YES;
				CLANG_WARN_SUSPICIOUS_MOVE = YES;
				CLANG_WARN_UNGUARDED_AVAILABILITY = YES_AGGRESSIVE;
				CLANG_WARN_UNREACHABLE_CODE = YES;
				CLANG_WARN__DUPLICATE_METHOD_MATCH = YES;
				COPY_PHASE_STRIP = NO;
				DEBUG_INFORMATION_FORMAT = "dwarf-with-dsym";
				ENABLE_NS_ASSERTIONS = NO;
				ENABLE_STRICT_OBJC_MSGSEND = YES;
				GCC_C_LANGUAGE_STANDARD = gnu11;
				GCC_NO_COMMON_BLOCKS = YES;
				GCC_WARN_64_TO_32_BIT_CONVERSION = YES;
				GCC_WARN_ABOUT_RETURN_TYPE = YES_ERROR;
				GCC_WARN_UNDECLARED_SELECTOR = YES;
				GCC_WARN_UNINITIALIZED_AUTOS = YES_AGGRESSIVE;
				GCC_WARN_UNUSED_FUNCTION = YES;
				GCC_WARN_UNUSED_VARIABLE = YES;
				IPHONEOS_DEPLOYMENT_TARGET = 13.6;
				MTL_ENABLE_DEBUG_INFO = NO;
				MTL_FAST_MATH = YES;
				SDKROOT = iphoneos;
				SWIFT_COMPILATION_MODE = wholemodule;
				SWIFT_OPTIMIZATION_LEVEL = "-O";
				VALIDATE_PRODUCT = YES;
			};
			name = Release;
		};
		43755C522573911500B4AEE8 /* Debug */ = {
			isa = XCBuildConfiguration;
			buildSettings = {
				ASSETCATALOG_COMPILER_APPICON_NAME = AppIcon;
				CODE_SIGN_STYLE = Automatic;
				INFOPLIST_FILE = GammaApp/Info.plist;
				LD_RUNPATH_SEARCH_PATHS = (
					"$(inherited)",
					"@executable_path/Frameworks",
				);
				PRODUCT_BUNDLE_IDENTIFIER = com.apress.GammaApp;
				PRODUCT_NAME = "$(TARGET_NAME)";
				SWIFT_VERSION = 5.0;
				TARGETED_DEVICE_FAMILY = "1,2";
			};
			name = Debug;
		};
		43755C532573911500B4AEE8 /* Release */ = {
			isa = XCBuildConfiguration;
			buildSettings = {
				ASSETCATALOG_COMPILER_APPICON_NAME = AppIcon;
				CODE_SIGN_STYLE = Automatic;
				INFOPLIST_FILE = GammaApp/Info.plist;
				LD_RUNPATH_SEARCH_PATHS = (
					"$(inherited)",
					"@executable_path/Frameworks",
				);
				PRODUCT_BUNDLE_IDENTIFIER = com.apress.GammaApp;
				PRODUCT_NAME = "$(TARGET_NAME)";
				SWIFT_VERSION = 5.0;
				TARGETED_DEVICE_FAMILY = "1,2";
			};
			name = Release;
		};
		43755C552573911500B4AEE8 /* Debug */ = {
			isa = XCBuildConfiguration;
			buildSettings = {
				ALWAYS_EMBED_SWIFT_STANDARD_LIBRARIES = YES;
				BUNDLE_LOADER = "$(TEST_HOST)";
				CODE_SIGN_STYLE = Automatic;
				INFOPLIST_FILE = GammaAppTests/Info.plist;
				IPHONEOS_DEPLOYMENT_TARGET = 13.6;
				LD_RUNPATH_SEARCH_PATHS = (
					"$(inherited)",
					"@executable_path/Frameworks",
					"@loader_path/Frameworks",
				);
				PRODUCT_BUNDLE_IDENTIFIER = com.apress.GammaAppTests;
				PRODUCT_NAME = "$(TARGET_NAME)";
				SWIFT_VERSION = 5.0;
				TARGETED_DEVICE_FAMILY = "1,2";
				TEST_HOST = "$(BUILT_PRODUCTS_DIR)/GammaApp.app/GammaApp";
			};
			name = Debug;
		};
		43755C562573911500B4AEE8 /* Release */ = {
			isa = XCBuildConfiguration;
			buildSettings = {
				ALWAYS_EMBED_SWIFT_STANDARD_LIBRARIES = YES;
				BUNDLE_LOADER = "$(TEST_HOST)";
				CODE_SIGN_STYLE = Automatic;
				INFOPLIST_FILE = GammaAppTests/Info.plist;
				IPHONEOS_DEPLOYMENT_TARGET = 13.6;
				LD_RUNPATH_SEARCH_PATHS = (
					"$(inherited)",
					"@executable_path/Frameworks",
					"@loader_path/Frameworks",
				);
				PRODUCT_BUNDLE_IDENTIFIER = com.apress.GammaAppTests;
				PRODUCT_NAME = "$(TARGET_NAME)";
				SWIFT_VERSION = 5.0;
				TARGETED_DEVICE_FAMILY = "1,2";
				TEST_HOST = "$(BUILT_PRODUCTS_DIR)/GammaApp.app/GammaApp";
			};
			name = Release;
		};
		43755C582573911500B4AEE8 /* Debug */ = {
			isa = XCBuildConfiguration;
			buildSettings = {
				ALWAYS_EMBED_SWIFT_STANDARD_LIBRARIES = YES;
				CODE_SIGN_STYLE = Automatic;
				INFOPLIST_FILE = GammaAppUITests/Info.plist;
				LD_RUNPATH_SEARCH_PATHS = (
					"$(inherited)",
					"@executable_path/Frameworks",
					"@loader_path/Frameworks",
				);
				PRODUCT_BUNDLE_IDENTIFIER = com.apress.GammaAppUITests;
				PRODUCT_NAME = "$(TARGET_NAME)";
				SWIFT_VERSION = 5.0;
				TARGETED_DEVICE_FAMILY = "1,2";
				TEST_TARGET_NAME = GammaApp;
			};
			name = Debug;
		};
		43755C592573911500B4AEE8 /* Release */ = {
			isa = XCBuildConfiguration;
			buildSettings = {
				ALWAYS_EMBED_SWIFT_STANDARD_LIBRARIES = YES;
				CODE_SIGN_STYLE = Automatic;
				INFOPLIST_FILE = GammaAppUITests/Info.plist;
				LD_RUNPATH_SEARCH_PATHS = (
					"$(inherited)",
					"@executable_path/Frameworks",
					"@loader_path/Frameworks",
				);
				PRODUCT_BUNDLE_IDENTIFIER = com.apress.GammaAppUITests;
				PRODUCT_NAME = "$(TARGET_NAME)";
				SWIFT_VERSION = 5.0;
				TARGETED_DEVICE_FAMILY = "1,2";
				TEST_TARGET_NAME = GammaApp;
			};
			name = Release;
		};
/* End XCBuildConfiguration section */

/* Begin XCConfigurationList section */
		43755C1F2573911300B4AEE8 /* Build configuration list for PBXProject "GammaApp" */ = {
			isa = XCConfigurationList;
			buildConfigurations = (
				43755C4F2573911500B4AEE8 /* Debug */,
				43755C502573911500B4AEE8 /* Release */,
			);
			defaultConfigurationIsVisible = 0;
			defaultConfigurationName = Release;
		};
		43755C512573911500B4AEE8 /* Build configuration list for PBXNativeTarget "GammaApp" */ = {
			isa = XCConfigurationList;
			buildConfigurations = (
				43755C522573911500B4AEE8 /* Debug */,
				43755C532573911500B4AEE8 /* Release */,
			);
			defaultConfigurationIsVisible = 0;
			defaultConfigurationName = Release;
		};
		43755C542573911500B4AEE8 /* Build configuration list for PBXNativeTarget "GammaAppTests" */ = {
			isa = XCConfigurationList;
			buildConfigurations = (
				43755C552573911500B4AEE8 /* Debug */,
				43755C562573911500B4AEE8 /* Release */,
			);
			defaultConfigurationIsVisible = 0;
			defaultConfigurationName = Release;
		};
		43755C572573911500B4AEE8 /* Build configuration list for PBXNativeTarget "GammaAppUITests" */ = {
			isa = XCConfigurationList;
			buildConfigurations = (
				43755C582573911500B4AEE8 /* Debug */,
				43755C592573911500B4AEE8 /* Release */,
			);
			defaultConfigurationIsVisible = 0;
			defaultConfigurationName = Release;
		};
/* End XCConfigurationList section */

/* Begin XCVersionGroup section */
		43755C302573911300B4AEE8 /* GammaApp.xcdatamodeld */ = {
			isa = XCVersionGroup;
			children = (
				43755C312573911300B4AEE8 /* GammaApp.xcdatamodel */,
			);
			currentVersion = 43755C312573911300B4AEE8 /* GammaApp.xcdatamodel */;
			path = GammaApp.xcdatamodeld;
			sourceTree = "<group>";
			versionGroupType = wrapper.xcdatamodel;
		};
/* End XCVersionGroup section */
	};
	rootObject = 43755C1C2573911300B4AEE8 /* Project object */;
}
